// !$*UTF8*$!
{
	archiveVersion = 1;
	classes = {
	};
	objectVersion = 55;
	objects = {

/* Begin PBXBuildFile section */
		14D3CE288CD16DB448A02001 /* Pods_GraphControl_GraphControlTests.framework in Frameworks */ = {isa = PBXBuildFile; fileRef = 438E36F61623B524FFC07344 /* Pods_GraphControl_GraphControlTests.framework */; };
		273B911A48CC1627B667201E /* Pods_GraphControl.framework in Frameworks */ = {isa = PBXBuildFile; fileRef = 0A1888328DA139BC133F2C07 /* Pods_GraphControl.framework */; };
		E800392428853AD100D1EEA1 /* AppDelegate.swift in Sources */ = {isa = PBXBuildFile; fileRef = E800392328853AD100D1EEA1 /* AppDelegate.swift */; };
		E800392628853AD100D1EEA1 /* SceneDelegate.swift in Sources */ = {isa = PBXBuildFile; fileRef = E800392528853AD100D1EEA1 /* SceneDelegate.swift */; };
		E800392828853AD100D1EEA1 /* MainViewController.swift in Sources */ = {isa = PBXBuildFile; fileRef = E800392728853AD100D1EEA1 /* MainViewController.swift */; };
		E800392B28853AD100D1EEA1 /* Main.storyboard in Resources */ = {isa = PBXBuildFile; fileRef = E800392928853AD100D1EEA1 /* Main.storyboard */; };
		E800392D28853AD500D1EEA1 /* Assets.xcassets in Resources */ = {isa = PBXBuildFile; fileRef = E800392C28853AD500D1EEA1 /* Assets.xcassets */; };
		E800393028853AD500D1EEA1 /* LaunchScreen.storyboard in Resources */ = {isa = PBXBuildFile; fileRef = E800392E28853AD500D1EEA1 /* LaunchScreen.storyboard */; };
		E800393C288542C700D1EEA1 /* NSLayoutConstraint.swift in Sources */ = {isa = PBXBuildFile; fileRef = E800393B288542C700D1EEA1 /* NSLayoutConstraint.swift */; };
		E800393E2885564800D1EEA1 /* MainViewModel.swift in Sources */ = {isa = PBXBuildFile; fileRef = E800393D2885564700D1EEA1 /* MainViewModel.swift */; };
		E800394528858F3100D1EEA1 /* Graph.swift in Sources */ = {isa = PBXBuildFile; fileRef = E800394428858F3100D1EEA1 /* Graph.swift */; };
		E8F3DF182887F79F00E8BF61 /* ViewModelType.swift in Sources */ = {isa = PBXBuildFile; fileRef = E8F3DF172887F79F00E8BF61 /* ViewModelType.swift */; };
		E8F3DF20288812B400E8BF61 /* MainViewModelTests.swift in Sources */ = {isa = PBXBuildFile; fileRef = E8F3DF1F288812B400E8BF61 /* MainViewModelTests.swift */; };
/* End PBXBuildFile section */

/* Begin PBXContainerItemProxy section */
		E8F3DF21288812B400E8BF61 /* PBXContainerItemProxy */ = {
			isa = PBXContainerItemProxy;
			containerPortal = E800391828853AD100D1EEA1 /* Project object */;
			proxyType = 1;
			remoteGlobalIDString = E800391F28853AD100D1EEA1;
			remoteInfo = GraphControl;
		};
/* End PBXContainerItemProxy section */

/* Begin PBXFileReference section */
		0A1888328DA139BC133F2C07 /* Pods_GraphControl.framework */ = {isa = PBXFileReference; explicitFileType = wrapper.framework; includeInIndex = 0; path = Pods_GraphControl.framework; sourceTree = BUILT_PRODUCTS_DIR; };
		1BEEC8433AFC847840A53C04 /* Pods-GraphControl.release.xcconfig */ = {isa = PBXFileReference; includeInIndex = 1; lastKnownFileType = text.xcconfig; name = "Pods-GraphControl.release.xcconfig"; path = "Target Support Files/Pods-GraphControl/Pods-GraphControl.release.xcconfig"; sourceTree = "<group>"; };
		30D19BB68286ECC885CE2D1B /* Pods-GraphControl-GraphControlTests.release.xcconfig */ = {isa = PBXFileReference; includeInIndex = 1; lastKnownFileType = text.xcconfig; name = "Pods-GraphControl-GraphControlTests.release.xcconfig"; path = "Target Support Files/Pods-GraphControl-GraphControlTests/Pods-GraphControl-GraphControlTests.release.xcconfig"; sourceTree = "<group>"; };
		438E36F61623B524FFC07344 /* Pods_GraphControl_GraphControlTests.framework */ = {isa = PBXFileReference; explicitFileType = wrapper.framework; includeInIndex = 0; path = Pods_GraphControl_GraphControlTests.framework; sourceTree = BUILT_PRODUCTS_DIR; };
		B62EF2FE6848701157A9EEE0 /* Pods-GraphControl-GraphControlTests.debug.xcconfig */ = {isa = PBXFileReference; includeInIndex = 1; lastKnownFileType = text.xcconfig; name = "Pods-GraphControl-GraphControlTests.debug.xcconfig"; path = "Target Support Files/Pods-GraphControl-GraphControlTests/Pods-GraphControl-GraphControlTests.debug.xcconfig"; sourceTree = "<group>"; };
		DDB64CEBDBB18779BDEB1598 /* Pods-GraphControl.debug.xcconfig */ = {isa = PBXFileReference; includeInIndex = 1; lastKnownFileType = text.xcconfig; name = "Pods-GraphControl.debug.xcconfig"; path = "Target Support Files/Pods-GraphControl/Pods-GraphControl.debug.xcconfig"; sourceTree = "<group>"; };
		E800392028853AD100D1EEA1 /* GraphControl.app */ = {isa = PBXFileReference; explicitFileType = wrapper.application; includeInIndex = 0; path = GraphControl.app; sourceTree = BUILT_PRODUCTS_DIR; };
		E800392328853AD100D1EEA1 /* AppDelegate.swift */ = {isa = PBXFileReference; lastKnownFileType = sourcecode.swift; path = AppDelegate.swift; sourceTree = "<group>"; };
		E800392528853AD100D1EEA1 /* SceneDelegate.swift */ = {isa = PBXFileReference; lastKnownFileType = sourcecode.swift; path = SceneDelegate.swift; sourceTree = "<group>"; };
		E800392728853AD100D1EEA1 /* MainViewController.swift */ = {isa = PBXFileReference; lastKnownFileType = sourcecode.swift; path = MainViewController.swift; sourceTree = "<group>"; };
		E800392A28853AD100D1EEA1 /* Base */ = {isa = PBXFileReference; lastKnownFileType = file.storyboard; name = Base; path = Base.lproj/Main.storyboard; sourceTree = "<group>"; };
		E800392C28853AD500D1EEA1 /* Assets.xcassets */ = {isa = PBXFileReference; lastKnownFileType = folder.assetcatalog; path = Assets.xcassets; sourceTree = "<group>"; };
		E800392F28853AD500D1EEA1 /* Base */ = {isa = PBXFileReference; lastKnownFileType = file.storyboard; name = Base; path = Base.lproj/LaunchScreen.storyboard; sourceTree = "<group>"; };
		E800393128853AD500D1EEA1 /* Info.plist */ = {isa = PBXFileReference; lastKnownFileType = text.plist.xml; path = Info.plist; sourceTree = "<group>"; };
		E800393B288542C700D1EEA1 /* NSLayoutConstraint.swift */ = {isa = PBXFileReference; lastKnownFileType = sourcecode.swift; path = NSLayoutConstraint.swift; sourceTree = "<group>"; };
		E800393D2885564700D1EEA1 /* MainViewModel.swift */ = {isa = PBXFileReference; lastKnownFileType = sourcecode.swift; path = MainViewModel.swift; sourceTree = "<group>"; };
		E800394428858F3100D1EEA1 /* Graph.swift */ = {isa = PBXFileReference; lastKnownFileType = sourcecode.swift; path = Graph.swift; sourceTree = "<group>"; };
		E8F3DF172887F79F00E8BF61 /* ViewModelType.swift */ = {isa = PBXFileReference; lastKnownFileType = sourcecode.swift; path = ViewModelType.swift; sourceTree = "<group>"; };
		E8F3DF1D288812B400E8BF61 /* GraphControlTests.xctest */ = {isa = PBXFileReference; explicitFileType = wrapper.cfbundle; includeInIndex = 0; path = GraphControlTests.xctest; sourceTree = BUILT_PRODUCTS_DIR; };
		E8F3DF1F288812B400E8BF61 /* MainViewModelTests.swift */ = {isa = PBXFileReference; lastKnownFileType = sourcecode.swift; path = MainViewModelTests.swift; sourceTree = "<group>"; };
/* End PBXFileReference section */

/* Begin PBXFrameworksBuildPhase section */
		E800391D28853AD100D1EEA1 /* Frameworks */ = {
			isa = PBXFrameworksBuildPhase;
			buildActionMask = 2147483647;
			files = (
				273B911A48CC1627B667201E /* Pods_GraphControl.framework in Frameworks */,
			);
			runOnlyForDeploymentPostprocessing = 0;
		};
		E8F3DF1A288812B400E8BF61 /* Frameworks */ = {
			isa = PBXFrameworksBuildPhase;
			buildActionMask = 2147483647;
			files = (
				14D3CE288CD16DB448A02001 /* Pods_GraphControl_GraphControlTests.framework in Frameworks */,
			);
			runOnlyForDeploymentPostprocessing = 0;
		};
/* End PBXFrameworksBuildPhase section */

/* Begin PBXGroup section */
		7FE8B7D55C6948911CC17920 /* Pods */ = {
			isa = PBXGroup;
			children = (
				DDB64CEBDBB18779BDEB1598 /* Pods-GraphControl.debug.xcconfig */,
				1BEEC8433AFC847840A53C04 /* Pods-GraphControl.release.xcconfig */,
				B62EF2FE6848701157A9EEE0 /* Pods-GraphControl-GraphControlTests.debug.xcconfig */,
				30D19BB68286ECC885CE2D1B /* Pods-GraphControl-GraphControlTests.release.xcconfig */,
			);
			path = Pods;
			sourceTree = "<group>";
		};
		E800391728853AD100D1EEA1 = {
			isa = PBXGroup;
			children = (
				E800392228853AD100D1EEA1 /* GraphControl */,
				E8F3DF1E288812B400E8BF61 /* GraphControlTests */,
				E800392128853AD100D1EEA1 /* Products */,
				7FE8B7D55C6948911CC17920 /* Pods */,
				E800FAFD67A2D64D0CB197CF /* Frameworks */,
			);
			sourceTree = "<group>";
		};
		E800392128853AD100D1EEA1 /* Products */ = {
			isa = PBXGroup;
			children = (
				E800392028853AD100D1EEA1 /* GraphControl.app */,
				E8F3DF1D288812B400E8BF61 /* GraphControlTests.xctest */,
			);
			name = Products;
			sourceTree = "<group>";
		};
		E800392228853AD100D1EEA1 /* GraphControl */ = {
			isa = PBXGroup;
			children = (
				E800392328853AD100D1EEA1 /* AppDelegate.swift */,
				E800392528853AD100D1EEA1 /* SceneDelegate.swift */,
				E800393A28853E0500D1EEA1 /* Extensions */,
				E800393728853B5F00D1EEA1 /* Scenes */,
				E800394328858F2400D1EEA1 /* Model */,
				E800392C28853AD500D1EEA1 /* Assets.xcassets */,
				E800392E28853AD500D1EEA1 /* LaunchScreen.storyboard */,
				E800393128853AD500D1EEA1 /* Info.plist */,
			);
			path = GraphControl;
			sourceTree = "<group>";
		};
		E800393728853B5F00D1EEA1 /* Scenes */ = {
			isa = PBXGroup;
			children = (
				E87887E22887F74B00441510 /* Common */,
				E87887E32887F75000441510 /* Main */,
			);
			path = Scenes;
			sourceTree = "<group>";
		};
		E800393828853B6400D1EEA1 /* View */ = {
			isa = PBXGroup;
			children = (
				E800392728853AD100D1EEA1 /* MainViewController.swift */,
				E800392928853AD100D1EEA1 /* Main.storyboard */,
			);
			path = View;
			sourceTree = "<group>";
		};
		E800393928853B6C00D1EEA1 /* ViewModel */ = {
			isa = PBXGroup;
			children = (
				E800393D2885564700D1EEA1 /* MainViewModel.swift */,
			);
			path = ViewModel;
			sourceTree = "<group>";
		};
		E800393A28853E0500D1EEA1 /* Extensions */ = {
			isa = PBXGroup;
			children = (
				E800393B288542C700D1EEA1 /* NSLayoutConstraint.swift */,
			);
			path = Extensions;
			sourceTree = "<group>";
		};
		E800394328858F2400D1EEA1 /* Model */ = {
			isa = PBXGroup;
			children = (
				E800394428858F3100D1EEA1 /* Graph.swift */,
			);
			path = Model;
			sourceTree = "<group>";
		};
		E800FAFD67A2D64D0CB197CF /* Frameworks */ = {
			isa = PBXGroup;
			children = (
				0A1888328DA139BC133F2C07 /* Pods_GraphControl.framework */,
				438E36F61623B524FFC07344 /* Pods_GraphControl_GraphControlTests.framework */,
			);
			name = Frameworks;
			sourceTree = "<group>";
		};
		E87887E22887F74B00441510 /* Common */ = {
			isa = PBXGroup;
			children = (
				E8F3DF172887F79F00E8BF61 /* ViewModelType.swift */,
			);
			path = Common;
			sourceTree = "<group>";
		};
		E87887E32887F75000441510 /* Main */ = {
			isa = PBXGroup;
			children = (
				E800393828853B6400D1EEA1 /* View */,
				E800393928853B6C00D1EEA1 /* ViewModel */,
			);
			path = Main;
			sourceTree = "<group>";
		};
		E8F3DF1E288812B400E8BF61 /* GraphControlTests */ = {
			isa = PBXGroup;
			children = (
				E8F3DF1F288812B400E8BF61 /* MainViewModelTests.swift */,
			);
			path = GraphControlTests;
			sourceTree = "<group>";
		};
/* End PBXGroup section */

/* Begin PBXNativeTarget section */
		E800391F28853AD100D1EEA1 /* GraphControl */ = {
			isa = PBXNativeTarget;
			buildConfigurationList = E800393428853AD500D1EEA1 /* Build configuration list for PBXNativeTarget "GraphControl" */;
			buildPhases = (
				7DE120D2E6C73108D1501DD7 /* [CP] Check Pods Manifest.lock */,
				E800391C28853AD100D1EEA1 /* Sources */,
				E800391D28853AD100D1EEA1 /* Frameworks */,
				E800391E28853AD100D1EEA1 /* Resources */,
				5650C47E41781856E4150F78 /* [CP] Embed Pods Frameworks */,
			);
			buildRules = (
			);
			dependencies = (
			);
			name = GraphControl;
			productName = GraphControl;
			productReference = E800392028853AD100D1EEA1 /* GraphControl.app */;
			productType = "com.apple.product-type.application";
		};
		E8F3DF1C288812B400E8BF61 /* GraphControlTests */ = {
			isa = PBXNativeTarget;
			buildConfigurationList = E8F3DF25288812B400E8BF61 /* Build configuration list for PBXNativeTarget "GraphControlTests" */;
			buildPhases = (
				9733A56CDA3EF630B710AAB3 /* [CP] Check Pods Manifest.lock */,
				E8F3DF19288812B400E8BF61 /* Sources */,
				E8F3DF1A288812B400E8BF61 /* Frameworks */,
				E8F3DF1B288812B400E8BF61 /* Resources */,
				9942DE1087D87901D69B18F8 /* [CP] Embed Pods Frameworks */,
			);
			buildRules = (
			);
			dependencies = (
				E8F3DF22288812B400E8BF61 /* PBXTargetDependency */,
			);
			name = GraphControlTests;
			productName = GraphControlTests;
			productReference = E8F3DF1D288812B400E8BF61 /* GraphControlTests.xctest */;
			productType = "com.apple.product-type.bundle.unit-test";
		};
/* End PBXNativeTarget section */

/* Begin PBXProject section */
		E800391828853AD100D1EEA1 /* Project object */ = {
			isa = PBXProject;
			attributes = {
				BuildIndependentTargetsInParallel = 1;
				LastSwiftUpdateCheck = 1340;
				LastUpgradeCheck = 1340;
				TargetAttributes = {
					E800391F28853AD100D1EEA1 = {
						CreatedOnToolsVersion = 13.4.1;
					};
					E8F3DF1C288812B400E8BF61 = {
						CreatedOnToolsVersion = 13.4.1;
						TestTargetID = E800391F28853AD100D1EEA1;
					};
				};
			};
			buildConfigurationList = E800391B28853AD100D1EEA1 /* Build configuration list for PBXProject "GraphControl" */;
			compatibilityVersion = "Xcode 13.0";
			developmentRegion = en;
			hasScannedForEncodings = 0;
			knownRegions = (
				en,
				Base,
			);
			mainGroup = E800391728853AD100D1EEA1;
			productRefGroup = E800392128853AD100D1EEA1 /* Products */;
			projectDirPath = "";
			projectRoot = "";
			targets = (
				E800391F28853AD100D1EEA1 /* GraphControl */,
				E8F3DF1C288812B400E8BF61 /* GraphControlTests */,
			);
		};
/* End PBXProject section */

/* Begin PBXResourcesBuildPhase section */
		E800391E28853AD100D1EEA1 /* Resources */ = {
			isa = PBXResourcesBuildPhase;
			buildActionMask = 2147483647;
			files = (
				E800393028853AD500D1EEA1 /* LaunchScreen.storyboard in Resources */,
				E800392D28853AD500D1EEA1 /* Assets.xcassets in Resources */,
				E800392B28853AD100D1EEA1 /* Main.storyboard in Resources */,
			);
			runOnlyForDeploymentPostprocessing = 0;
		};
		E8F3DF1B288812B400E8BF61 /* Resources */ = {
			isa = PBXResourcesBuildPhase;
			buildActionMask = 2147483647;
			files = (
			);
			runOnlyForDeploymentPostprocessing = 0;
		};
/* End PBXResourcesBuildPhase section */

/* Begin PBXShellScriptBuildPhase section */
		5650C47E41781856E4150F78 /* [CP] Embed Pods Frameworks */ = {
			isa = PBXShellScriptBuildPhase;
			buildActionMask = 2147483647;
			files = (
			);
			inputFileListPaths = (
				"${PODS_ROOT}/Target Support Files/Pods-GraphControl/Pods-GraphControl-frameworks-${CONFIGURATION}-input-files.xcfilelist",
			);
			name = "[CP] Embed Pods Frameworks";
			outputFileListPaths = (
				"${PODS_ROOT}/Target Support Files/Pods-GraphControl/Pods-GraphControl-frameworks-${CONFIGURATION}-output-files.xcfilelist",
			);
			runOnlyForDeploymentPostprocessing = 0;
			shellPath = /bin/sh;
			shellScript = "\"${PODS_ROOT}/Target Support Files/Pods-GraphControl/Pods-GraphControl-frameworks.sh\"\n";
			showEnvVarsInLog = 0;
		};
		7DE120D2E6C73108D1501DD7 /* [CP] Check Pods Manifest.lock */ = {
			isa = PBXShellScriptBuildPhase;
			buildActionMask = 2147483647;
			files = (
			);
			inputFileListPaths = (
			);
			inputPaths = (
				"${PODS_PODFILE_DIR_PATH}/Podfile.lock",
				"${PODS_ROOT}/Manifest.lock",
			);
			name = "[CP] Check Pods Manifest.lock";
			outputFileListPaths = (
			);
			outputPaths = (
				"$(DERIVED_FILE_DIR)/Pods-GraphControl-checkManifestLockResult.txt",
			);
			runOnlyForDeploymentPostprocessing = 0;
			shellPath = /bin/sh;
			shellScript = "diff \"${PODS_PODFILE_DIR_PATH}/Podfile.lock\" \"${PODS_ROOT}/Manifest.lock\" > /dev/null\nif [ $? != 0 ] ; then\n    # print error to STDERR\n    echo \"error: The sandbox is not in sync with the Podfile.lock. Run 'pod install' or update your CocoaPods installation.\" >&2\n    exit 1\nfi\n# This output is used by Xcode 'outputs' to avoid re-running this script phase.\necho \"SUCCESS\" > \"${SCRIPT_OUTPUT_FILE_0}\"\n";
			showEnvVarsInLog = 0;
		};
		9733A56CDA3EF630B710AAB3 /* [CP] Check Pods Manifest.lock */ = {
			isa = PBXShellScriptBuildPhase;
			buildActionMask = 2147483647;
			files = (
			);
			inputFileListPaths = (
			);
			inputPaths = (
				"${PODS_PODFILE_DIR_PATH}/Podfile.lock",
				"${PODS_ROOT}/Manifest.lock",
			);
			name = "[CP] Check Pods Manifest.lock";
			outputFileListPaths = (
			);
			outputPaths = (
				"$(DERIVED_FILE_DIR)/Pods-GraphControl-GraphControlTests-checkManifestLockResult.txt",
			);
			runOnlyForDeploymentPostprocessing = 0;
			shellPath = /bin/sh;
			shellScript = "diff \"${PODS_PODFILE_DIR_PATH}/Podfile.lock\" \"${PODS_ROOT}/Manifest.lock\" > /dev/null\nif [ $? != 0 ] ; then\n    # print error to STDERR\n    echo \"error: The sandbox is not in sync with the Podfile.lock. Run 'pod install' or update your CocoaPods installation.\" >&2\n    exit 1\nfi\n# This output is used by Xcode 'outputs' to avoid re-running this script phase.\necho \"SUCCESS\" > \"${SCRIPT_OUTPUT_FILE_0}\"\n";
			showEnvVarsInLog = 0;
		};
		9942DE1087D87901D69B18F8 /* [CP] Embed Pods Frameworks */ = {
			isa = PBXShellScriptBuildPhase;
			buildActionMask = 2147483647;
			files = (
			);
			inputFileListPaths = (
				"${PODS_ROOT}/Target Support Files/Pods-GraphControl-GraphControlTests/Pods-GraphControl-GraphControlTests-frameworks-${CONFIGURATION}-input-files.xcfilelist",
			);
			name = "[CP] Embed Pods Frameworks";
			outputFileListPaths = (
				"${PODS_ROOT}/Target Support Files/Pods-GraphControl-GraphControlTests/Pods-GraphControl-GraphControlTests-frameworks-${CONFIGURATION}-output-files.xcfilelist",
			);
			runOnlyForDeploymentPostprocessing = 0;
			shellPath = /bin/sh;
			shellScript = "\"${PODS_ROOT}/Target Support Files/Pods-GraphControl-GraphControlTests/Pods-GraphControl-GraphControlTests-frameworks.sh\"\n";
			showEnvVarsInLog = 0;
		};
/* End PBXShellScriptBuildPhase section */

/* Begin PBXSourcesBuildPhase section */
		E800391C28853AD100D1EEA1 /* Sources */ = {
			isa = PBXSourcesBuildPhase;
			buildActionMask = 2147483647;
			files = (
				E800394528858F3100D1EEA1 /* Graph.swift in Sources */,
				E800393E2885564800D1EEA1 /* MainViewModel.swift in Sources */,
				E800392828853AD100D1EEA1 /* MainViewController.swift in Sources */,
				E8F3DF182887F79F00E8BF61 /* ViewModelType.swift in Sources */,
				E800392428853AD100D1EEA1 /* AppDelegate.swift in Sources */,
				E800392628853AD100D1EEA1 /* SceneDelegate.swift in Sources */,
				E800393C288542C700D1EEA1 /* NSLayoutConstraint.swift in Sources */,
			);
			runOnlyForDeploymentPostprocessing = 0;
		};
		E8F3DF19288812B400E8BF61 /* Sources */ = {
			isa = PBXSourcesBuildPhase;
			buildActionMask = 2147483647;
			files = (
				E8F3DF20288812B400E8BF61 /* MainViewModelTests.swift in Sources */,
			);
			runOnlyForDeploymentPostprocessing = 0;
		};
/* End PBXSourcesBuildPhase section */

/* Begin PBXTargetDependency section */
		E8F3DF22288812B400E8BF61 /* PBXTargetDependency */ = {
			isa = PBXTargetDependency;
			target = E800391F28853AD100D1EEA1 /* GraphControl */;
			targetProxy = E8F3DF21288812B400E8BF61 /* PBXContainerItemProxy */;
		};
/* End PBXTargetDependency section */

/* Begin PBXVariantGroup section */
		E800392928853AD100D1EEA1 /* Main.storyboard */ = {
			isa = PBXVariantGroup;
			children = (
				E800392A28853AD100D1EEA1 /* Base */,
			);
			name = Main.storyboard;
			sourceTree = "<group>";
		};
		E800392E28853AD500D1EEA1 /* LaunchScreen.storyboard */ = {
			isa = PBXVariantGroup;
			children = (
				E800392F28853AD500D1EEA1 /* Base */,
			);
			name = LaunchScreen.storyboard;
			sourceTree = "<group>";
		};
/* End PBXVariantGroup section */

/* Begin XCBuildConfiguration section */
		E800393228853AD500D1EEA1 /* Debug */ = {
			isa = XCBuildConfiguration;
			buildSettings = {
				ALWAYS_SEARCH_USER_PATHS = NO;
				CLANG_ANALYZER_NONNULL = YES;
				CLANG_ANALYZER_NUMBER_OBJECT_CONVERSION = YES_AGGRESSIVE;
				CLANG_CXX_LANGUAGE_STANDARD = "gnu++17";
				CLANG_ENABLE_MODULES = YES;
				CLANG_ENABLE_OBJC_ARC = YES;
				CLANG_ENABLE_OBJC_WEAK = YES;
				CLANG_WARN_BLOCK_CAPTURE_AUTORELEASING = YES;
				CLANG_WARN_BOOL_CONVERSION = YES;
				CLANG_WARN_COMMA = YES;
				CLANG_WARN_CONSTANT_CONVERSION = YES;
				CLANG_WARN_DEPRECATED_OBJC_IMPLEMENTATIONS = YES;
				CLANG_WARN_DIRECT_OBJC_ISA_USAGE = YES_ERROR;
				CLANG_WARN_DOCUMENTATION_COMMENTS = YES;
				CLANG_WARN_EMPTY_BODY = YES;
				CLANG_WARN_ENUM_CONVERSION = YES;
				CLANG_WARN_INFINITE_RECURSION = YES;
				CLANG_WARN_INT_CONVERSION = YES;
				CLANG_WARN_NON_LITERAL_NULL_CONVERSION = YES;
				CLANG_WARN_OBJC_IMPLICIT_RETAIN_SELF = YES;
				CLANG_WARN_OBJC_LITERAL_CONVERSION = YES;
				CLANG_WARN_OBJC_ROOT_CLASS = YES_ERROR;
				CLANG_WARN_QUOTED_INCLUDE_IN_FRAMEWORK_HEADER = YES;
				CLANG_WARN_RANGE_LOOP_ANALYSIS = YES;
				CLANG_WARN_STRICT_PROTOTYPES = YES;
				CLANG_WARN_SUSPICIOUS_MOVE = YES;
				CLANG_WARN_UNGUARDED_AVAILABILITY = YES_AGGRESSIVE;
				CLANG_WARN_UNREACHABLE_CODE = YES;
				CLANG_WARN__DUPLICATE_METHOD_MATCH = YES;
				COPY_PHASE_STRIP = NO;
				DEBUG_INFORMATION_FORMAT = dwarf;
				ENABLE_STRICT_OBJC_MSGSEND = YES;
				ENABLE_TESTABILITY = YES;
				GCC_C_LANGUAGE_STANDARD = gnu11;
				GCC_DYNAMIC_NO_PIC = NO;
				GCC_NO_COMMON_BLOCKS = YES;
				GCC_OPTIMIZATION_LEVEL = 0;
				GCC_PREPROCESSOR_DEFINITIONS = (
					"DEBUG=1",
					"$(inherited)",
				);
				GCC_WARN_64_TO_32_BIT_CONVERSION = YES;
				GCC_WARN_ABOUT_RETURN_TYPE = YES_ERROR;
				GCC_WARN_UNDECLARED_SELECTOR = YES;
				GCC_WARN_UNINITIALIZED_AUTOS = YES_AGGRESSIVE;
				GCC_WARN_UNUSED_FUNCTION = YES;
				GCC_WARN_UNUSED_VARIABLE = YES;
				IPHONEOS_DEPLOYMENT_TARGET = 15.0;
				MTL_ENABLE_DEBUG_INFO = INCLUDE_SOURCE;
				MTL_FAST_MATH = YES;
				ONLY_ACTIVE_ARCH = YES;
				SDKROOT = iphoneos;
				SWIFT_ACTIVE_COMPILATION_CONDITIONS = DEBUG;
				SWIFT_OPTIMIZATION_LEVEL = "-Onone";
			};
			name = Debug;
		};
		E800393328853AD500D1EEA1 /* Release */ = {
			isa = XCBuildConfiguration;
			buildSettings = {
				ALWAYS_SEARCH_USER_PATHS = NO;
				CLANG_ANALYZER_NONNULL = YES;
				CLANG_ANALYZER_NUMBER_OBJECT_CONVERSION = YES_AGGRESSIVE;
				CLANG_CXX_LANGUAGE_STANDARD = "gnu++17";
				CLANG_ENABLE_MODULES = YES;
				CLANG_ENABLE_OBJC_ARC = YES;
				CLANG_ENABLE_OBJC_WEAK = YES;
				CLANG_WARN_BLOCK_CAPTURE_AUTORELEASING = YES;
				CLANG_WARN_BOOL_CONVERSION = YES;
				CLANG_WARN_COMMA = YES;
				CLANG_WARN_CONSTANT_CONVERSION = YES;
				CLANG_WARN_DEPRECATED_OBJC_IMPLEMENTATIONS = YES;
				CLANG_WARN_DIRECT_OBJC_ISA_USAGE = YES_ERROR;
				CLANG_WARN_DOCUMENTATION_COMMENTS = YES;
				CLANG_WARN_EMPTY_BODY = YES;
				CLANG_WARN_ENUM_CONVERSION = YES;
				CLANG_WARN_INFINITE_RECURSION = YES;
				CLANG_WARN_INT_CONVERSION = YES;
				CLANG_WARN_NON_LITERAL_NULL_CONVERSION = YES;
				CLANG_WARN_OBJC_IMPLICIT_RETAIN_SELF = YES;
				CLANG_WARN_OBJC_LITERAL_CONVERSION = YES;
				CLANG_WARN_OBJC_ROOT_CLASS = YES_ERROR;
				CLANG_WARN_QUOTED_INCLUDE_IN_FRAMEWORK_HEADER = YES;
				CLANG_WARN_RANGE_LOOP_ANALYSIS = YES;
				CLANG_WARN_STRICT_PROTOTYPES = YES;
				CLANG_WARN_SUSPICIOUS_MOVE = YES;
				CLANG_WARN_UNGUARDED_AVAILABILITY = YES_AGGRESSIVE;
				CLANG_WARN_UNREACHABLE_CODE = YES;
				CLANG_WARN__DUPLICATE_METHOD_MATCH = YES;
				COPY_PHASE_STRIP = NO;
				DEBUG_INFORMATION_FORMAT = "dwarf-with-dsym";
				ENABLE_NS_ASSERTIONS = NO;
				ENABLE_STRICT_OBJC_MSGSEND = YES;
				GCC_C_LANGUAGE_STANDARD = gnu11;
				GCC_NO_COMMON_BLOCKS = YES;
				GCC_WARN_64_TO_32_BIT_CONVERSION = YES;
				GCC_WARN_ABOUT_RETURN_TYPE = YES_ERROR;
				GCC_WARN_UNDECLARED_SELECTOR = YES;
				GCC_WARN_UNINITIALIZED_AUTOS = YES_AGGRESSIVE;
				GCC_WARN_UNUSED_FUNCTION = YES;
				GCC_WARN_UNUSED_VARIABLE = YES;
				IPHONEOS_DEPLOYMENT_TARGET = 15.0;
				MTL_ENABLE_DEBUG_INFO = NO;
				MTL_FAST_MATH = YES;
				SDKROOT = iphoneos;
				SWIFT_COMPILATION_MODE = wholemodule;
				SWIFT_OPTIMIZATION_LEVEL = "-O";
				VALIDATE_PRODUCT = YES;
			};
			name = Release;
		};
		E800393528853AD500D1EEA1 /* Debug */ = {
			isa = XCBuildConfiguration;
			baseConfigurationReference = DDB64CEBDBB18779BDEB1598 /* Pods-GraphControl.debug.xcconfig */;
			buildSettings = {
				ASSETCATALOG_COMPILER_APPICON_NAME = AppIcon;
				ASSETCATALOG_COMPILER_GLOBAL_ACCENT_COLOR_NAME = AccentColor;
				CODE_SIGN_STYLE = Automatic;
				CURRENT_PROJECT_VERSION = 1;
				DEVELOPMENT_TEAM = 2AVC8X7323;
				GENERATE_INFOPLIST_FILE = YES;
				INFOPLIST_FILE = GraphControl/Info.plist;
				INFOPLIST_KEY_UIApplicationSupportsIndirectInputEvents = YES;
				INFOPLIST_KEY_UILaunchStoryboardName = LaunchScreen;
				INFOPLIST_KEY_UIMainStoryboardFile = Main;
				INFOPLIST_KEY_UISupportedInterfaceOrientations = UIInterfaceOrientationPortrait;
				INFOPLIST_KEY_UISupportedInterfaceOrientations_iPad = "UIInterfaceOrientationPortrait UIInterfaceOrientationPortraitUpsideDown UIInterfaceOrientationLandscapeLeft UIInterfaceOrientationLandscapeRight";
				INFOPLIST_KEY_UISupportedInterfaceOrientations_iPhone = "UIInterfaceOrientationPortrait UIInterfaceOrientationLandscapeLeft UIInterfaceOrientationLandscapeRight";
				LD_RUNPATH_SEARCH_PATHS = (
					"$(inherited)",
					"@executable_path/Frameworks",
				);
				MARKETING_VERSION = 1.0;
				PRODUCT_BUNDLE_IDENTIFIER = woin2ee.GraphControl;
				PRODUCT_NAME = "$(TARGET_NAME)";
				SWIFT_EMIT_LOC_STRINGS = YES;
				SWIFT_VERSION = 5.0;
				TARGETED_DEVICE_FAMILY = 1;
			};
			name = Debug;
		};
		E800393628853AD500D1EEA1 /* Release */ = {
			isa = XCBuildConfiguration;
			baseConfigurationReference = 1BEEC8433AFC847840A53C04 /* Pods-GraphControl.release.xcconfig */;
			buildSettings = {
				ASSETCATALOG_COMPILER_APPICON_NAME = AppIcon;
				ASSETCATALOG_COMPILER_GLOBAL_ACCENT_COLOR_NAME = AccentColor;
				CODE_SIGN_STYLE = Automatic;
				CURRENT_PROJECT_VERSION = 1;
				DEVELOPMENT_TEAM = 2AVC8X7323;
				GENERATE_INFOPLIST_FILE = YES;
				INFOPLIST_FILE = GraphControl/Info.plist;
				INFOPLIST_KEY_UIApplicationSupportsIndirectInputEvents = YES;
				INFOPLIST_KEY_UILaunchStoryboardName = LaunchScreen;
				INFOPLIST_KEY_UIMainStoryboardFile = Main;
				INFOPLIST_KEY_UISupportedInterfaceOrientations = UIInterfaceOrientationPortrait;
				INFOPLIST_KEY_UISupportedInterfaceOrientations_iPad = "UIInterfaceOrientationPortrait UIInterfaceOrientationPortraitUpsideDown UIInterfaceOrientationLandscapeLeft UIInterfaceOrientationLandscapeRight";
				INFOPLIST_KEY_UISupportedInterfaceOrientations_iPhone = "UIInterfaceOrientationPortrait UIInterfaceOrientationLandscapeLeft UIInterfaceOrientationLandscapeRight";
				LD_RUNPATH_SEARCH_PATHS = (
					"$(inherited)",
					"@executable_path/Frameworks",
				);
				MARKETING_VERSION = 1.0;
				PRODUCT_BUNDLE_IDENTIFIER = woin2ee.GraphControl;
				PRODUCT_NAME = "$(TARGET_NAME)";
				SWIFT_EMIT_LOC_STRINGS = YES;
				SWIFT_VERSION = 5.0;
				TARGETED_DEVICE_FAMILY = 1;
			};
			name = Release;
		};
		E8F3DF23288812B400E8BF61 /* Debug */ = {
			isa = XCBuildConfiguration;
			baseConfigurationReference = B62EF2FE6848701157A9EEE0 /* Pods-GraphControl-GraphControlTests.debug.xcconfig */;
			buildSettings = {
				BUNDLE_LOADER = "$(TEST_HOST)";
				CODE_SIGN_STYLE = Automatic;
				CURRENT_PROJECT_VERSION = 1;
				DEVELOPMENT_TEAM = 2AVC8X7323;
				GENERATE_INFOPLIST_FILE = YES;
				IPHONEOS_DEPLOYMENT_TARGET = 15.5;
				MARKETING_VERSION = 1.0;
				PRODUCT_BUNDLE_IDENTIFIER = woin2ee.GraphControlTests;
				PRODUCT_NAME = "$(TARGET_NAME)";
				SWIFT_EMIT_LOC_STRINGS = NO;
				SWIFT_VERSION = 5.0;
				TARGETED_DEVICE_FAMILY = "1,2";
				TEST_HOST = "$(BUILT_PRODUCTS_DIR)/GraphControl.app/GraphControl";
			};
			name = Debug;
		};
		E8F3DF24288812B400E8BF61 /* Release */ = {
			isa = XCBuildConfiguration;
			baseConfigurationReference = 30D19BB68286ECC885CE2D1B /* Pods-GraphControl-GraphControlTests.release.xcconfig */;
			buildSettings = {
				BUNDLE_LOADER = "$(TEST_HOST)";
				CODE_SIGN_STYLE = Automatic;
				CURRENT_PROJECT_VERSION = 1;
				DEVELOPMENT_TEAM = 2AVC8X7323;
				GENERATE_INFOPLIST_FILE = YES;
				IPHONEOS_DEPLOYMENT_TARGET = 15.5;
				MARKETING_VERSION = 1.0;
				PRODUCT_BUNDLE_IDENTIFIER = woin2ee.GraphControlTests;
				PRODUCT_NAME = "$(TARGET_NAME)";
				SWIFT_EMIT_LOC_STRINGS = NO;
				SWIFT_VERSION = 5.0;
				TARGETED_DEVICE_FAMILY = "1,2";
				TEST_HOST = "$(BUILT_PRODUCTS_DIR)/GraphControl.app/GraphControl";
			};
			name = Release;
		};
/* End XCBuildConfiguration section */

/* Begin XCConfigurationList section */
		E800391B28853AD100D1EEA1 /* Build configuration list for PBXProject "GraphControl" */ = {
			isa = XCConfigurationList;
			buildConfigurations = (
				E800393228853AD500D1EEA1 /* Debug */,
				E800393328853AD500D1EEA1 /* Release */,
			);
			defaultConfigurationIsVisible = 0;
			defaultConfigurationName = Release;
		};
		E800393428853AD500D1EEA1 /* Build configuration list for PBXNativeTarget "GraphControl" */ = {
			isa = XCConfigurationList;
			buildConfigurations = (
				E800393528853AD500D1EEA1 /* Debug */,
				E800393628853AD500D1EEA1 /* Release */,
			);
			defaultConfigurationIsVisible = 0;
			defaultConfigurationName = Release;
		};
		E8F3DF25288812B400E8BF61 /* Build configuration list for PBXNativeTarget "GraphControlTests" */ = {
			isa = XCConfigurationList;
			buildConfigurations = (
				E8F3DF23288812B400E8BF61 /* Debug */,
				E8F3DF24288812B400E8BF61 /* Release */,
			);
			defaultConfigurationIsVisible = 0;
			defaultConfigurationName = Release;
		};
/* End XCConfigurationList section */
	};
	rootObject = E800391828853AD100D1EEA1 /* Project object */;
}
